# This file is automatically @generated by Cargo.
# It is not intended for manual editing.
version = 3

[[package]]
name = "anyhow"
version = "1.0.52"
source = "registry+https://github.com/rust-lang/crates.io-index"
checksum = "84450d0b4a8bd1ba4144ce8ce718fbc5d071358b1e5384bace6536b3d1f2d5b3"

[[package]]
name = "bit_field"
version = "0.10.1"
source = "registry+https://github.com/rust-lang/crates.io-index"
checksum = "dcb6dd1c2376d2e096796e234a70e17e94cc2d5d54ff8ce42b28cef1d0d359a4"

[[package]]
name = "bitflags"
version = "1.3.2"
source = "registry+https://github.com/rust-lang/crates.io-index"
checksum = "bef38d45163c2f1dde094a7dfd33ccf595c92905c8f8f4fdc18d06fb1037718a"

[[package]]
name = "cfg-if"
version = "1.0.0"
source = "registry+https://github.com/rust-lang/crates.io-index"
checksum = "baf1de4339761588bc0619e3cbc0120ee582ebb74b53b4efbf79117bd2da40fd"

[[package]]
name = "font8x8"
version = "0.3.1"
source = "registry+https://github.com/rust-lang/crates.io-index"
checksum = "875488b8711a968268c7cf5d139578713097ca4635a76044e8fe8eedf831d07e"

[[package]]
name = "log"
version = "0.4.14"
source = "registry+https://github.com/rust-lang/crates.io-index"
checksum = "51b9bbe6c47d51fc3e1a9b945965946b4c44142ab8792c50835a980d362c2710"
dependencies = [
 "cfg-if",
]

[[package]]
name = "memchr"
version = "2.4.1"
source = "registry+https://github.com/rust-lang/crates.io-index"
checksum = "308cc39be01b73d0d18f82a0e7b2a3df85245f84af96fdddc5d202d27e47b86a"

[[package]]
name = "object"
version = "0.28.1"
source = "registry+https://github.com/rust-lang/crates.io-index"
checksum = "7ce8b38d41f9f3618fc23f908faae61510f8d8ce2d99cbe910641e8f1971f084"
dependencies = [
 "memchr",
]

[[package]]
name = "pomelo-bootloader"
version = "0.1.0"
dependencies = [
 "anyhow",
 "object",
 "pomelo-common",
 "uefi",
 "uefi-services",
]

[[package]]
name = "pomelo-common"
version = "0.1.0"

[[package]]
name = "pomelo-kernel"
version = "0.1.0"
dependencies = [
 "anyhow",
 "font8x8",
 "pomelo-common",
]

[[package]]
name = "proc-macro2"
version = "1.0.35"
source = "registry+https://github.com/rust-lang/crates.io-index"
checksum = "392a54546fda6b7cc663379d0e6ce8b324cf88aecc5a499838e1be9781bdce2e"
dependencies = [
 "unicode-xid",
]

[[package]]
name = "quote"
version = "1.0.10"
source = "registry+https://github.com/rust-lang/crates.io-index"
checksum = "38bc8cc6a5f2e3655e0899c1b848643b2562f853f114bfec7be120678e3ace05"
dependencies = [
 "proc-macro2",
]

[[package]]
name = "syn"
version = "1.0.84"
source = "registry+https://github.com/rust-lang/crates.io-index"
checksum = "ecb2e6da8ee5eb9a61068762a32fa9619cc591ceb055b3687f4cd4051ec2e06b"
dependencies = [
 "proc-macro2",
 "quote",
 "unicode-xid",
]

[[package]]
name = "ucs2"
version = "0.3.2"
source = "registry+https://github.com/rust-lang/crates.io-index"
checksum = "bad643914094137d475641b6bab89462505316ec2ce70907ad20102d28a79ab8"
dependencies = [
 "bit_field",
]

[[package]]
name = "uefi"
version = "0.13.0"
source = "git+https://github.com/rust-osdev/uefi-rs.git?rev=5b92cb3fc4fb82bd69ff3733013ef436eb30180d#5b92cb3fc4fb82bd69ff3733013ef436eb30180d"
dependencies = [
 "bitflags",
 "log",
 "ucs2",
 "uefi-macros",
]

[[package]]
name = "uefi-macros"
version = "0.5.0"
source = "registry+https://github.com/rust-lang/crates.io-index"
checksum = "7006b85ae8acaf2b448c5f1630a434caaacaedcc0907f12404e4e31c9dafcdb3"
dependencies = [
 "proc-macro2",
 "quote",
 "syn",
]

[[package]]
name = "uefi-services"
version = "0.10.0"
source = "git+https://github.com/rust-osdev/uefi-rs.git?rev=5b92cb3fc4fb82bd69ff3733013ef436eb30180d#5b92cb3fc4fb82bd69ff3733013ef436eb30180d"
dependencies = [
 "cfg-if",
 "log",
 "uefi",
]

[[package]]
name = "unicode-xid"
version = "0.2.2"
source = "registry+https://github.com/rust-lang/crates.io-index"
checksum = "8ccb82d61f80a663efe1f787a51b16b5a51e3314d6ac365b08639f52387b33f3"
